
Microsoft Visual Studio Solution File, Format Version 12.00
# Visual Studio Version 17
VisualStudioVersion = 17.13.35825.156 d17.13
MinimumVisualStudioVersion = 10.0.40219.1
Project("{FAE04EC0-301F-11D3-BF4B-00C04F79EFBC}") = "LSELEC", "LSELEC\LSELEC.csproj", "{5EE175EF-F7E8-4D1A-9DFC-4FD54600E294}"
EndProject
Global
	GlobalSection(SolutionConfigurationPlatforms) = preSolution
		Debug|Any CPU = Debug|Any CPU
		Release|Any CPU = Release|Any CPU
	EndGlobalSection
	GlobalSection(ProjectConfigurationPlatforms) = postSolution
		{5EE175EF-F7E8-4D1A-9DFC-4FD54600E294}.Debug|Any CPU.ActiveCfg = Debug|Any CPU
		{5EE175EF-F7E8-4D1A-9DFC-4FD54600E294}.Debug|Any CPU.Build.0 = Debug|Any CPU
		{5EE175EF-F7E8-4D1A-9DFC-4FD54600E294}.Release|Any CPU.ActiveCfg = Release|Any CPU
		{5EE175EF-F7E8-4D1A-9DFC-4FD54600E294}.Release|Any CPU.Build.0 = Release|Any CPU
	EndGlobalSection
	GlobalSection(SolutionProperties) = preSolution
		HideSolutionNode = FALSE
	EndGlobalSection
	GlobalSection(ExtensibilityGlobals) = postSolution
		SolutionGuid = {D08B820E-8CB3-4FA6-9972-D290C3C4907C}
	EndGlobalSection
EndGlobal
